Microsoft Visual Studio Solution File, Format Version 7.00
Project("{8BC9CEB8-8B4A-11D0-8D11-00A0C91BC942}") = "libtunepimp", "tunepimp.vcproj", "{ED91901F-DF13-48E9-A7C9-03EC35CBA9FA}"
EndProject
Project("{8BC9CEB8-8B4A-11D0-8D11-00A0C91BC942}") = "mp3 plugin", "mp3\mp3.vcproj", "{F63B4B97-0ACE-47E5-96A8-70B44D257DDA}"
EndProject
Project("{8BC9CEB8-8B4A-11D0-8D11-00A0C91BC942}") = "vorbis plugin", "vorbis\vorbis.vcproj", "{D0481CB1-382F-4AFB-AED6-513745E0732C}"
EndProject
Project("{8BC9CEB8-8B4A-11D0-8D11-00A0C91BC942}") = "wav plugin", "wav\wav.vcproj", "{D45A4315-EE9D-40F0-87FE-F033822AFBA1}"
EndProject
Project("{8BC9CEB8-8B4A-11D0-8D11-00A0C91BC942}") = "flac plugin", "flac\flac.vcproj", "{4A705175-711D-4BE0-BA16-B877E93B9E3B}"
EndProject
Global
	GlobalSection(SolutionConfiguration) = preSolution
		ConfigName.0 = Debug
		ConfigName.1 = Release
	EndGlobalSection
	GlobalSection(ProjectDependencies) = postSolution
		{F63B4B97-0ACE-47E5-96A8-70B44D257DDA}.0 = {ED91901F-DF13-48E9-A7C9-03EC35CBA9FA}
		{D0481CB1-382F-4AFB-AED6-513745E0732C}.0 = {ED91901F-DF13-48E9-A7C9-03EC35CBA9FA}
		{D45A4315-EE9D-40F0-87FE-F033822AFBA1}.0 = {ED91901F-DF13-48E9-A7C9-03EC35CBA9FA}
		{4A705175-711D-4BE0-BA16-B877E93B9E3B}.0 = {ED91901F-DF13-48E9-A7C9-03EC35CBA9FA}
	EndGlobalSection
	GlobalSection(ProjectConfiguration) = postSolution
		{ED91901F-DF13-48E9-A7C9-03EC35CBA9FA}.Debug.ActiveCfg = Debug|Win32
		{ED91901F-DF13-48E9-A7C9-03EC35CBA9FA}.Debug.Build.0 = Debug|Win32
		{ED91901F-DF13-48E9-A7C9-03EC35CBA9FA}.Release.ActiveCfg = Release|Win32
		{ED91901F-DF13-48E9-A7C9-03EC35CBA9FA}.Release.Build.0 = Release|Win32
		{F63B4B97-0ACE-47E5-96A8-70B44D257DDA}.Debug.ActiveCfg = Debug|Win32
		{F63B4B97-0ACE-47E5-96A8-70B44D257DDA}.Debug.Build.0 = Debug|Win32
		{F63B4B97-0ACE-47E5-96A8-70B44D257DDA}.Release.ActiveCfg = Release|Win32
		{F63B4B97-0ACE-47E5-96A8-70B44D257DDA}.Release.Build.0 = Release|Win32
		{D0481CB1-382F-4AFB-AED6-513745E0732C}.Debug.ActiveCfg = Debug|Win32
		{D0481CB1-382F-4AFB-AED6-513745E0732C}.Debug.Build.0 = Debug|Win32
		{D0481CB1-382F-4AFB-AED6-513745E0732C}.Release.ActiveCfg = Release|Win32
		{D0481CB1-382F-4AFB-AED6-513745E0732C}.Release.Build.0 = Release|Win32
		{D45A4315-EE9D-40F0-87FE-F033822AFBA1}.Debug.ActiveCfg = Debug|Win32
		{D45A4315-EE9D-40F0-87FE-F033822AFBA1}.Debug.Build.0 = Debug|Win32
		{D45A4315-EE9D-40F0-87FE-F033822AFBA1}.Release.ActiveCfg = Release|Win32
		{D45A4315-EE9D-40F0-87FE-F033822AFBA1}.Release.Build.0 = Release|Win32
		{4A705175-711D-4BE0-BA16-B877E93B9E3B}.Debug.ActiveCfg = Debug|Win32
		{4A705175-711D-4BE0-BA16-B877E93B9E3B}.Debug.Build.0 = Debug|Win32
		{4A705175-711D-4BE0-BA16-B877E93B9E3B}.Release.ActiveCfg = Release|Win32
		{4A705175-711D-4BE0-BA16-B877E93B9E3B}.Release.Build.0 = Release|Win32
	EndGlobalSection
	GlobalSection(ExtensibilityGlobals) = postSolution
	EndGlobalSection
	GlobalSection(ExtensibilityAddIns) = postSolution
	EndGlobalSection
EndGlobal
